{
  "version": 1,
  "dependencies": {
    "net10.0": {
      "Chummer.Hub.Registry.Contracts": {
        "type": "Direct",
        "requested": "[0.0.0-packageplane.20260718.1, )",
        "resolved": "0.0.0-packageplane.20260718.1",
        "contentHash": "jjyf1yZHFLUWxL88cZn4skKQoERgdQkMXXOcL0AwhzYvTRi9ni39TVz7JQjCiRzhqJ2HdkE9jpRIn/4hO4Q8CA=="
      },
      "chummer.media.contracts": {
        "type": "Project"
      }
    }
  }
}
